
Microsoft Visual Studio Solution File, Format Version 12.00
# Visual Studio Version 17
VisualStudioVersion = 17.8.34322.80
MinimumVisualStudioVersion = 10.0.40219.1
Project("{2150E333-8FDC-42A3-9474-1A3956D46DE8}") = "src", "src", "{2F345D13-D0D4-4CAB-B96E-94A5A0697CAC}"
EndProject
Project("{2150E333-8FDC-42A3-9474-1A3956D46DE8}") = "demo", "demo", "{3D3B320E-FB01-499A-BC67-C9E138865466}"
EndProject
Project("{9A19103F-16F7-4668-BE54-9A1E7A4F7556}") = "SwatchAvalonia.Navigation", "src\SwatchAvalonia.Navigation\SwatchAvalonia.Navigation.csproj", "{A61DD6CA-7566-404E-BAD3-62EBD7469F59}"
EndProject
Project("{2150E333-8FDC-42A3-9474-1A3956D46DE8}") = "Solution Files", "Solution Files", "{C42B802B-35F8-41A4-B6AE-7283CEFB5D87}"
	ProjectSection(SolutionItems) = preProject
		src\Package.props = src\Package.props
	EndProjectSection
EndProject
Project("{9A19103F-16F7-4668-BE54-9A1E7A4F7556}") = "SwatchAvalonia.AliBaba.Fonts", "src\SwatchAvalonia.AliBaba.Fonts\SwatchAvalonia.AliBaba.Fonts.csproj", "{678319BC-FBDC-4252-BA9C-E3C3684526C5}"
EndProject
Project("{9A19103F-16F7-4668-BE54-9A1E7A4F7556}") = "SwatchAvalonia.HarmonyOS.Fonts", "src\SwatchAvalonia.HarmonyOS.Fonts\SwatchAvalonia.HarmonyOS.Fonts.csproj", "{FA2DFD6E-70EF-42D8-ACEB-27C43EC004AA}"
EndProject
Project("{9A19103F-16F7-4668-BE54-9A1E7A4F7556}") = "SwatchAvalonia.AppWindow", "src\SwatchAvalonia.AppWindow\SwatchAvalonia.AppWindow.csproj", "{225E4AF6-98DE-43F7-93AA-AEB314835A01}"
EndProject
Project("{2150E333-8FDC-42A3-9474-1A3956D46DE8}") = "all", "all", "{F1BBF850-A258-473A-AC62-816141B82D59}"
EndProject
Project("{FAE04EC0-301F-11D3-BF4B-00C04F79EFBC}") = "SwatchAvalonia.Demo", "SwatchAvalonia.Demo\SwatchAvalonia.Demo\SwatchAvalonia.Demo.csproj", "{E08BC3ED-CFF4-4C61-878C-B5CDC7791FFB}"
EndProject
Project("{FAE04EC0-301F-11D3-BF4B-00C04F79EFBC}") = "SwatchAvalonia.Demo.Desktop", "SwatchAvalonia.Demo\SwatchAvalonia.Demo.Desktop\SwatchAvalonia.Demo.Desktop.csproj", "{E4101BE3-24B2-4B7C-9A66-B45EF1707414}"
EndProject
Project("{FAE04EC0-301F-11D3-BF4B-00C04F79EFBC}") = "SwatchAvalonia.UI.Controls", "src\SwatchAvalonia.UI.Controls\SwatchAvalonia.UI.Controls.csproj", "{E298DE11-CAC2-4523-B9AA-577FCF6E3DBA}"
EndProject
Global
	GlobalSection(SolutionConfigurationPlatforms) = preSolution
		Debug|Any CPU = Debug|Any CPU
		Release|Any CPU = Release|Any CPU
	EndGlobalSection
	GlobalSection(ProjectConfigurationPlatforms) = postSolution
		{A61DD6CA-7566-404E-BAD3-62EBD7469F59}.Debug|Any CPU.ActiveCfg = Debug|Any CPU
		{A61DD6CA-7566-404E-BAD3-62EBD7469F59}.Debug|Any CPU.Build.0 = Debug|Any CPU
		{A61DD6CA-7566-404E-BAD3-62EBD7469F59}.Release|Any CPU.ActiveCfg = Release|Any CPU
		{A61DD6CA-7566-404E-BAD3-62EBD7469F59}.Release|Any CPU.Build.0 = Release|Any CPU
		{678319BC-FBDC-4252-BA9C-E3C3684526C5}.Debug|Any CPU.ActiveCfg = Debug|Any CPU
		{678319BC-FBDC-4252-BA9C-E3C3684526C5}.Debug|Any CPU.Build.0 = Debug|Any CPU
		{678319BC-FBDC-4252-BA9C-E3C3684526C5}.Release|Any CPU.ActiveCfg = Release|Any CPU
		{678319BC-FBDC-4252-BA9C-E3C3684526C5}.Release|Any CPU.Build.0 = Release|Any CPU
		{FA2DFD6E-70EF-42D8-ACEB-27C43EC004AA}.Debug|Any CPU.ActiveCfg = Debug|Any CPU
		{FA2DFD6E-70EF-42D8-ACEB-27C43EC004AA}.Debug|Any CPU.Build.0 = Debug|Any CPU
		{FA2DFD6E-70EF-42D8-ACEB-27C43EC004AA}.Release|Any CPU.ActiveCfg = Release|Any CPU
		{FA2DFD6E-70EF-42D8-ACEB-27C43EC004AA}.Release|Any CPU.Build.0 = Release|Any CPU
		{225E4AF6-98DE-43F7-93AA-AEB314835A01}.Debug|Any CPU.ActiveCfg = Debug|Any CPU
		{225E4AF6-98DE-43F7-93AA-AEB314835A01}.Debug|Any CPU.Build.0 = Debug|Any CPU
		{225E4AF6-98DE-43F7-93AA-AEB314835A01}.Release|Any CPU.ActiveCfg = Release|Any CPU
		{225E4AF6-98DE-43F7-93AA-AEB314835A01}.Release|Any CPU.Build.0 = Release|Any CPU
		{E08BC3ED-CFF4-4C61-878C-B5CDC7791FFB}.Debug|Any CPU.ActiveCfg = Debug|Any CPU
		{E08BC3ED-CFF4-4C61-878C-B5CDC7791FFB}.Debug|Any CPU.Build.0 = Debug|Any CPU
		{E08BC3ED-CFF4-4C61-878C-B5CDC7791FFB}.Release|Any CPU.ActiveCfg = Release|Any CPU
		{E08BC3ED-CFF4-4C61-878C-B5CDC7791FFB}.Release|Any CPU.Build.0 = Release|Any CPU
		{E4101BE3-24B2-4B7C-9A66-B45EF1707414}.Debug|Any CPU.ActiveCfg = Debug|Any CPU
		{E4101BE3-24B2-4B7C-9A66-B45EF1707414}.Debug|Any CPU.Build.0 = Debug|Any CPU
		{E4101BE3-24B2-4B7C-9A66-B45EF1707414}.Release|Any CPU.ActiveCfg = Release|Any CPU
		{E4101BE3-24B2-4B7C-9A66-B45EF1707414}.Release|Any CPU.Build.0 = Release|Any CPU
		{E298DE11-CAC2-4523-B9AA-577FCF6E3DBA}.Debug|Any CPU.ActiveCfg = Debug|Any CPU
		{E298DE11-CAC2-4523-B9AA-577FCF6E3DBA}.Debug|Any CPU.Build.0 = Debug|Any CPU
		{E298DE11-CAC2-4523-B9AA-577FCF6E3DBA}.Release|Any CPU.ActiveCfg = Release|Any CPU
		{E298DE11-CAC2-4523-B9AA-577FCF6E3DBA}.Release|Any CPU.Build.0 = Release|Any CPU
	EndGlobalSection
	GlobalSection(SolutionProperties) = preSolution
		HideSolutionNode = FALSE
	EndGlobalSection
	GlobalSection(NestedProjects) = preSolution
		{A61DD6CA-7566-404E-BAD3-62EBD7469F59} = {2F345D13-D0D4-4CAB-B96E-94A5A0697CAC}
		{678319BC-FBDC-4252-BA9C-E3C3684526C5} = {2F345D13-D0D4-4CAB-B96E-94A5A0697CAC}
		{FA2DFD6E-70EF-42D8-ACEB-27C43EC004AA} = {2F345D13-D0D4-4CAB-B96E-94A5A0697CAC}
		{225E4AF6-98DE-43F7-93AA-AEB314835A01} = {2F345D13-D0D4-4CAB-B96E-94A5A0697CAC}
		{F1BBF850-A258-473A-AC62-816141B82D59} = {3D3B320E-FB01-499A-BC67-C9E138865466}
		{E08BC3ED-CFF4-4C61-878C-B5CDC7791FFB} = {F1BBF850-A258-473A-AC62-816141B82D59}
		{E4101BE3-24B2-4B7C-9A66-B45EF1707414} = {F1BBF850-A258-473A-AC62-816141B82D59}
		{E298DE11-CAC2-4523-B9AA-577FCF6E3DBA} = {2F345D13-D0D4-4CAB-B96E-94A5A0697CAC}
	EndGlobalSection
EndGlobal
